
Microsoft Visual Studio Solution File, Format Version 12.00
# Visual Studio Version 17
VisualStudioVersion = 17.7.34003.232
MinimumVisualStudioVersion = 10.0.40219.1
Project("{FAE04EC0-301F-11D3-BF4B-00C04F79EFBC}") = "FashionFusion", "FashionFusion.csproj", "{7CE98D36-2CE9-419E-9977-5D4214FC0AEB}"
EndProject
Global
	GlobalSection(SolutionConfigurationPlatforms) = preSolution
		Debug|Any CPU = Debug|Any CPU
		Release|Any CPU = Release|Any CPU
	EndGlobalSection
	GlobalSection(ProjectConfigurationPlatforms) = postSolution
		{7CE98D36-2CE9-419E-9977-5D4214FC0AEB}.Debug|Any CPU.ActiveCfg = Debug|Any CPU
		{7CE98D36-2CE9-419E-9977-5D4214FC0AEB}.Debug|Any CPU.Build.0 = Debug|Any CPU
		{7CE98D36-2CE9-419E-9977-5D4214FC0AEB}.Release|Any CPU.ActiveCfg = Release|Any CPU
		{7CE98D36-2CE9-419E-9977-5D4214FC0AEB}.Release|Any CPU.Build.0 = Release|Any CPU
	EndGlobalSection
	GlobalSection(SolutionProperties) = preSolution
		HideSolutionNode = FALSE
	EndGlobalSection
	GlobalSection(ExtensibilityGlobals) = postSolution
		SolutionGuid = {DC1E21C4-0901-403F-BC49-2C5A50AA257B}
	EndGlobalSection
EndGlobal
